
Microsoft Visual Studio Solution File, Format Version 12.00
# Visual Studio Version 17
VisualStudioVersion = 17.8.34525.116
MinimumVisualStudioVersion = 10.0.40219.1
Project("{9A19103F-16F7-4668-BE54-9A1E7A4F7556}") = "Maurice.Domain", "Maurice.Domain\Maurice.Domain.csproj", "{C5E84408-F978-4284-81CB-B8A3E3FAB799}"
EndProject
Project("{9A19103F-16F7-4668-BE54-9A1E7A4F7556}") = "Maurice.Reader", "Maurice.Reader\Maurice.Reader.csproj", "{7FBBF19C-9D9C-46D0-B61A-61B45DAE13FF}"
EndProject
Project("{9A19103F-16F7-4668-BE54-9A1E7A4F7556}") = "Maurice.Writer", "Maurice.Writer\Maurice.Writer.csproj", "{D3388A67-9D45-42F4-8B88-2BC201C8029E}"
EndProject
Project("{9A19103F-16F7-4668-BE54-9A1E7A4F7556}") = "Maurice.Scheduled", "Maurice.Scheduled\Maurice.Scheduled.csproj", "{85495020-CFA8-40F5-AA67-2D39F9C2B80A}"
EndProject
Project("{9A19103F-16F7-4668-BE54-9A1E7A4F7556}") = "Maurice.Writer.MongoDb", "Maurice.Writer.MongoDb\Maurice.Writer.MongoDb.csproj", "{CD129786-7DDF-4133-BB22-8317EC543D15}"
EndProject
Project("{FAE04EC0-301F-11D3-BF4B-00C04F79EFBC}") = "Maurice.Reader.MongoDb", "Maurice.Reader.MongoDb\Maurice.Reader.MongoDb.csproj", "{87D706E9-AF7E-4A16-8424-E756C7490A9F}"
EndProject
Global
	GlobalSection(SolutionConfigurationPlatforms) = preSolution
		Debug|Any CPU = Debug|Any CPU
		Release|Any CPU = Release|Any CPU
	EndGlobalSection
	GlobalSection(ProjectConfigurationPlatforms) = postSolution
		{C5E84408-F978-4284-81CB-B8A3E3FAB799}.Debug|Any CPU.ActiveCfg = Debug|Any CPU
		{C5E84408-F978-4284-81CB-B8A3E3FAB799}.Debug|Any CPU.Build.0 = Debug|Any CPU
		{C5E84408-F978-4284-81CB-B8A3E3FAB799}.Release|Any CPU.ActiveCfg = Release|Any CPU
		{C5E84408-F978-4284-81CB-B8A3E3FAB799}.Release|Any CPU.Build.0 = Release|Any CPU
		{7FBBF19C-9D9C-46D0-B61A-61B45DAE13FF}.Debug|Any CPU.ActiveCfg = Debug|Any CPU
		{7FBBF19C-9D9C-46D0-B61A-61B45DAE13FF}.Debug|Any CPU.Build.0 = Debug|Any CPU
		{7FBBF19C-9D9C-46D0-B61A-61B45DAE13FF}.Release|Any CPU.ActiveCfg = Release|Any CPU
		{7FBBF19C-9D9C-46D0-B61A-61B45DAE13FF}.Release|Any CPU.Build.0 = Release|Any CPU
		{D3388A67-9D45-42F4-8B88-2BC201C8029E}.Debug|Any CPU.ActiveCfg = Debug|Any CPU
		{D3388A67-9D45-42F4-8B88-2BC201C8029E}.Debug|Any CPU.Build.0 = Debug|Any CPU
		{D3388A67-9D45-42F4-8B88-2BC201C8029E}.Release|Any CPU.ActiveCfg = Release|Any CPU
		{D3388A67-9D45-42F4-8B88-2BC201C8029E}.Release|Any CPU.Build.0 = Release|Any CPU
		{85495020-CFA8-40F5-AA67-2D39F9C2B80A}.Debug|Any CPU.ActiveCfg = Debug|Any CPU
		{85495020-CFA8-40F5-AA67-2D39F9C2B80A}.Debug|Any CPU.Build.0 = Debug|Any CPU
		{85495020-CFA8-40F5-AA67-2D39F9C2B80A}.Release|Any CPU.ActiveCfg = Release|Any CPU
		{85495020-CFA8-40F5-AA67-2D39F9C2B80A}.Release|Any CPU.Build.0 = Release|Any CPU
		{CD129786-7DDF-4133-BB22-8317EC543D15}.Debug|Any CPU.ActiveCfg = Debug|Any CPU
		{CD129786-7DDF-4133-BB22-8317EC543D15}.Debug|Any CPU.Build.0 = Debug|Any CPU
		{CD129786-7DDF-4133-BB22-8317EC543D15}.Release|Any CPU.ActiveCfg = Release|Any CPU
		{CD129786-7DDF-4133-BB22-8317EC543D15}.Release|Any CPU.Build.0 = Release|Any CPU
		{87D706E9-AF7E-4A16-8424-E756C7490A9F}.Debug|Any CPU.ActiveCfg = Debug|Any CPU
		{87D706E9-AF7E-4A16-8424-E756C7490A9F}.Debug|Any CPU.Build.0 = Debug|Any CPU
		{87D706E9-AF7E-4A16-8424-E756C7490A9F}.Release|Any CPU.ActiveCfg = Release|Any CPU
		{87D706E9-AF7E-4A16-8424-E756C7490A9F}.Release|Any CPU.Build.0 = Release|Any CPU
	EndGlobalSection
	GlobalSection(SolutionProperties) = preSolution
		HideSolutionNode = FALSE
	EndGlobalSection
	GlobalSection(ExtensibilityGlobals) = postSolution
		SolutionGuid = {32F6CC0D-9F3A-48D5-A3E3-5245D010CB43}
	EndGlobalSection
EndGlobal
